// !$*UTF8*$!
{
	archiveVersion = 1;
	classes = {
	};
	objectVersion = 50;
	objects = {

/* Begin PBXBuildFile section */
		217000C525A57D910074196D /* AppDelegate.swift in Sources */ = {isa = PBXBuildFile; fileRef = 217000C425A57D910074196D /* AppDelegate.swift */; };
		217000C725A57D910074196D /* SceneDelegate.swift in Sources */ = {isa = PBXBuildFile; fileRef = 217000C625A57D910074196D /* SceneDelegate.swift */; };
		217000C925A57D910074196D /* ViewController.swift in Sources */ = {isa = PBXBuildFile; fileRef = 217000C825A57D910074196D /* ViewController.swift */; };
		217000CC25A57D910074196D /* Main.storyboard in Resources */ = {isa = PBXBuildFile; fileRef = 217000CA25A57D910074196D /* Main.storyboard */; };
		217000CE25A57D930074196D /* Assets.xcassets in Resources */ = {isa = PBXBuildFile; fileRef = 217000CD25A57D930074196D /* Assets.xcassets */; };
		217000D125A57D930074196D /* LaunchScreen.storyboard in Resources */ = {isa = PBXBuildFile; fileRef = 217000CF25A57D930074196D /* LaunchScreen.storyboard */; };
		217000DC25A57D940074196D /* CameraTests.swift in Sources */ = {isa = PBXBuildFile; fileRef = 217000DB25A57D940074196D /* CameraTests.swift */; };
		217000E725A57D940074196D /* CameraUITests.swift in Sources */ = {isa = PBXBuildFile; fileRef = 217000E625A57D940074196D /* CameraUITests.swift */; };
		217CEF9F25ADA777001FE98C /* AVDepthData+Extension.swift in Sources */ = {isa = PBXBuildFile; fileRef = 217CEF9E25ADA777001FE98C /* AVDepthData+Extension.swift */; };
		2191486B25A6C1C600043D64 /* PhotoViewController.swift in Sources */ = {isa = PBXBuildFile; fileRef = 2191486A25A6C1C600043D64 /* PhotoViewController.swift */; };
/* End PBXBuildFile section */

/* Begin PBXContainerItemProxy section */
		217000D825A57D940074196D /* PBXContainerItemProxy */ = {
			isa = PBXContainerItemProxy;
			containerPortal = 217000B925A57D910074196D /* Project object */;
			proxyType = 1;
			remoteGlobalIDString = 217000C025A57D910074196D;
			remoteInfo = Camera;
		};
		217000E325A57D940074196D /* PBXContainerItemProxy */ = {
			isa = PBXContainerItemProxy;
			containerPortal = 217000B925A57D910074196D /* Project object */;
			proxyType = 1;
			remoteGlobalIDString = 217000C025A57D910074196D;
			remoteInfo = Camera;
		};
/* End PBXContainerItemProxy section */

/* Begin PBXFileReference section */
		217000C125A57D910074196D /* Camera.app */ = {isa = PBXFileReference; explicitFileType = wrapper.application; includeInIndex = 0; path = Camera.app; sourceTree = BUILT_PRODUCTS_DIR; };
		217000C425A57D910074196D /* AppDelegate.swift */ = {isa = PBXFileReference; lastKnownFileType = sourcecode.swift; path = AppDelegate.swift; sourceTree = "<group>"; };
		217000C625A57D910074196D /* SceneDelegate.swift */ = {isa = PBXFileReference; lastKnownFileType = sourcecode.swift; path = SceneDelegate.swift; sourceTree = "<group>"; };
		217000C825A57D910074196D /* ViewController.swift */ = {isa = PBXFileReference; lastKnownFileType = sourcecode.swift; path = ViewController.swift; sourceTree = "<group>"; };
		217000CB25A57D910074196D /* Base */ = {isa = PBXFileReference; lastKnownFileType = file.storyboard; name = Base; path = Base.lproj/Main.storyboard; sourceTree = "<group>"; };
		217000CD25A57D930074196D /* Assets.xcassets */ = {isa = PBXFileReference; lastKnownFileType = folder.assetcatalog; path = Assets.xcassets; sourceTree = "<group>"; };
		217000D025A57D930074196D /* Base */ = {isa = PBXFileReference; lastKnownFileType = file.storyboard; name = Base; path = Base.lproj/LaunchScreen.storyboard; sourceTree = "<group>"; };
		217000D225A57D930074196D /* Info.plist */ = {isa = PBXFileReference; lastKnownFileType = text.plist.xml; path = Info.plist; sourceTree = "<group>"; };
		217000D725A57D940074196D /* CameraTests.xctest */ = {isa = PBXFileReference; explicitFileType = wrapper.cfbundle; includeInIndex = 0; path = CameraTests.xctest; sourceTree = BUILT_PRODUCTS_DIR; };
		217000DB25A57D940074196D /* CameraTests.swift */ = {isa = PBXFileReference; lastKnownFileType = sourcecode.swift; path = CameraTests.swift; sourceTree = "<group>"; };
		217000DD25A57D940074196D /* Info.plist */ = {isa = PBXFileReference; lastKnownFileType = text.plist.xml; path = Info.plist; sourceTree = "<group>"; };
		217000E225A57D940074196D /* CameraUITests.xctest */ = {isa = PBXFileReference; explicitFileType = wrapper.cfbundle; includeInIndex = 0; path = CameraUITests.xctest; sourceTree = BUILT_PRODUCTS_DIR; };
		217000E625A57D940074196D /* CameraUITests.swift */ = {isa = PBXFileReference; lastKnownFileType = sourcecode.swift; path = CameraUITests.swift; sourceTree = "<group>"; };
		217000E825A57D940074196D /* Info.plist */ = {isa = PBXFileReference; lastKnownFileType = text.plist.xml; path = Info.plist; sourceTree = "<group>"; };
		217CEF9E25ADA777001FE98C /* AVDepthData+Extension.swift */ = {isa = PBXFileReference; fileEncoding = 4; lastKnownFileType = sourcecode.swift; path = "AVDepthData+Extension.swift"; sourceTree = "<group>"; };
		2191486A25A6C1C600043D64 /* PhotoViewController.swift */ = {isa = PBXFileReference; lastKnownFileType = sourcecode.swift; path = PhotoViewController.swift; sourceTree = "<group>"; };
/* End PBXFileReference section */

/* Begin PBXFrameworksBuildPhase section */
		217000BE25A57D910074196D /* Frameworks */ = {
			isa = PBXFrameworksBuildPhase;
			buildActionMask = 2147483647;
			files = (
			);
			runOnlyForDeploymentPostprocessing = 0;
		};
		217000D425A57D940074196D /* Frameworks */ = {
			isa = PBXFrameworksBuildPhase;
			buildActionMask = 2147483647;
			files = (
			);
			runOnlyForDeploymentPostprocessing = 0;
		};
		217000DF25A57D940074196D /* Frameworks */ = {
			isa = PBXFrameworksBuildPhase;
			buildActionMask = 2147483647;
			files = (
			);
			runOnlyForDeploymentPostprocessing = 0;
		};
/* End PBXFrameworksBuildPhase section */

/* Begin PBXGroup section */
		217000B825A57D910074196D = {
			isa = PBXGroup;
			children = (
				217000C325A57D910074196D /* Camera */,
				217000DA25A57D940074196D /* CameraTests */,
				217000E525A57D940074196D /* CameraUITests */,
				217000C225A57D910074196D /* Products */,
			);
			sourceTree = "<group>";
		};
		217000C225A57D910074196D /* Products */ = {
			isa = PBXGroup;
			children = (
				217000C125A57D910074196D /* Camera.app */,
				217000D725A57D940074196D /* CameraTests.xctest */,
				217000E225A57D940074196D /* CameraUITests.xctest */,
			);
			name = Products;
			sourceTree = "<group>";
		};
		217000C325A57D910074196D /* Camera */ = {
			isa = PBXGroup;
			children = (
				217000C425A57D910074196D /* AppDelegate.swift */,
				217000C625A57D910074196D /* SceneDelegate.swift */,
				217000C825A57D910074196D /* ViewController.swift */,
				217000CA25A57D910074196D /* Main.storyboard */,
				217000CD25A57D930074196D /* Assets.xcassets */,
				217000CF25A57D930074196D /* LaunchScreen.storyboard */,
				217000D225A57D930074196D /* Info.plist */,
				2191486A25A6C1C600043D64 /* PhotoViewController.swift */,
				217CEF9E25ADA777001FE98C /* AVDepthData+Extension.swift */,
			);
			path = Camera;
			sourceTree = "<group>";
		};
		217000DA25A57D940074196D /* CameraTests */ = {
			isa = PBXGroup;
			children = (
				217000DB25A57D940074196D /* CameraTests.swift */,
				217000DD25A57D940074196D /* Info.plist */,
			);
			path = CameraTests;
			sourceTree = "<group>";
		};
		217000E525A57D940074196D /* CameraUITests */ = {
			isa = PBXGroup;
			children = (
				217000E625A57D940074196D /* CameraUITests.swift */,
				217000E825A57D940074196D /* Info.plist */,
			);
			path = CameraUITests;
			sourceTree = "<group>";
		};
/* End PBXGroup section */

/* Begin PBXNativeTarget section */
		217000C025A57D910074196D /* Camera */ = {
			isa = PBXNativeTarget;
			buildConfigurationList = 217000EB25A57D940074196D /* Build configuration list for PBXNativeTarget "Camera" */;
			buildPhases = (
				217000BD25A57D910074196D /* Sources */,
				217000BE25A57D910074196D /* Frameworks */,
				217000BF25A57D910074196D /* Resources */,
			);
			buildRules = (
			);
			dependencies = (
			);
			name = Camera;
			productName = Camera;
			productReference = 217000C125A57D910074196D /* Camera.app */;
			productType = "com.apple.product-type.application";
		};
		217000D625A57D940074196D /* CameraTests */ = {
			isa = PBXNativeTarget;
			buildConfigurationList = 217000EE25A57D940074196D /* Build configuration list for PBXNativeTarget "CameraTests" */;
			buildPhases = (
				217000D325A57D940074196D /* Sources */,
				217000D425A57D940074196D /* Frameworks */,
				217000D525A57D940074196D /* Resources */,
			);
			buildRules = (
			);
			dependencies = (
				217000D925A57D940074196D /* PBXTargetDependency */,
			);
			name = CameraTests;
			productName = CameraTests;
			productReference = 217000D725A57D940074196D /* CameraTests.xctest */;
			productType = "com.apple.product-type.bundle.unit-test";
		};
		217000E125A57D940074196D /* CameraUITests */ = {
			isa = PBXNativeTarget;
			buildConfigurationList = 217000F125A57D940074196D /* Build configuration list for PBXNativeTarget "CameraUITests" */;
			buildPhases = (
				217000DE25A57D940074196D /* Sources */,
				217000DF25A57D940074196D /* Frameworks */,
				217000E025A57D940074196D /* Resources */,
			);
			buildRules = (
			);
			dependencies = (
				217000E425A57D940074196D /* PBXTargetDependency */,
			);
			name = CameraUITests;
			productName = CameraUITests;
			productReference = 217000E225A57D940074196D /* CameraUITests.xctest */;
			productType = "com.apple.product-type.bundle.ui-testing";
		};
/* End PBXNativeTarget section */

/* Begin PBXProject section */
		217000B925A57D910074196D /* Project object */ = {
			isa = PBXProject;
			attributes = {
				LastSwiftUpdateCheck = 1230;
				LastUpgradeCheck = 1230;
				TargetAttributes = {
					217000C025A57D910074196D = {
						CreatedOnToolsVersion = 12.3;
					};
					217000D625A57D940074196D = {
						CreatedOnToolsVersion = 12.3;
						TestTargetID = 217000C025A57D910074196D;
					};
					217000E125A57D940074196D = {
						CreatedOnToolsVersion = 12.3;
						TestTargetID = 217000C025A57D910074196D;
					};
				};
			};
			buildConfigurationList = 217000BC25A57D910074196D /* Build configuration list for PBXProject "Camera" */;
			compatibilityVersion = "Xcode 9.3";
			developmentRegion = en;
			hasScannedForEncodings = 0;
			knownRegions = (
				en,
				Base,
			);
			mainGroup = 217000B825A57D910074196D;
			productRefGroup = 217000C225A57D910074196D /* Products */;
			projectDirPath = "";
			projectRoot = "";
			targets = (
				217000C025A57D910074196D /* Camera */,
				217000D625A57D940074196D /* CameraTests */,
				217000E125A57D940074196D /* CameraUITests */,
			);
		};
/* End PBXProject section */

/* Begin PBXResourcesBuildPhase section */
		217000BF25A57D910074196D /* Resources */ = {
			isa = PBXResourcesBuildPhase;
			buildActionMask = 2147483647;
			files = (
				217000D125A57D930074196D /* LaunchScreen.storyboard in Resources */,
				217000CE25A57D930074196D /* Assets.xcassets in Resources */,
				217000CC25A57D910074196D /* Main.storyboard in Resources */,
			);
			runOnlyForDeploymentPostprocessing = 0;
		};
		217000D525A57D940074196D /* Resources */ = {
			isa = PBXResourcesBuildPhase;
			buildActionMask = 2147483647;
			files = (
			);
			runOnlyForDeploymentPostprocessing = 0;
		};
		217000E025A57D940074196D /* Resources */ = {
			isa = PBXResourcesBuildPhase;
			buildActionMask = 2147483647;
			files = (
			);
			runOnlyForDeploymentPostprocessing = 0;
		};
/* End PBXResourcesBuildPhase section */

/* Begin PBXSourcesBuildPhase section */
		217000BD25A57D910074196D /* Sources */ = {
			isa = PBXSourcesBuildPhase;
			buildActionMask = 2147483647;
			files = (
				217000C925A57D910074196D /* ViewController.swift in Sources */,
				2191486B25A6C1C600043D64 /* PhotoViewController.swift in Sources */,
				217000C525A57D910074196D /* AppDelegate.swift in Sources */,
				217000C725A57D910074196D /* SceneDelegate.swift in Sources */,
				217CEF9F25ADA777001FE98C /* AVDepthData+Extension.swift in Sources */,
			);
			runOnlyForDeploymentPostprocessing = 0;
		};
		217000D325A57D940074196D /* Sources */ = {
			isa = PBXSourcesBuildPhase;
			buildActionMask = 2147483647;
			files = (
				217000DC25A57D940074196D /* CameraTests.swift in Sources */,
			);
			runOnlyForDeploymentPostprocessing = 0;
		};
		217000DE25A57D940074196D /* Sources */ = {
			isa = PBXSourcesBuildPhase;
			buildActionMask = 2147483647;
			files = (
				217000E725A57D940074196D /* CameraUITests.swift in Sources */,
			);
			runOnlyForDeploymentPostprocessing = 0;
		};
/* End PBXSourcesBuildPhase section */

/* Begin PBXTargetDependency section */
		217000D925A57D940074196D /* PBXTargetDependency */ = {
			isa = PBXTargetDependency;
			target = 217000C025A57D910074196D /* Camera */;
			targetProxy = 217000D825A57D940074196D /* PBXContainerItemProxy */;
		};
		217000E425A57D940074196D /* PBXTargetDependency */ = {
			isa = PBXTargetDependency;
			target = 217000C025A57D910074196D /* Camera */;
			targetProxy = 217000E325A57D940074196D /* PBXContainerItemProxy */;
		};
/* End PBXTargetDependency section */

/* Begin PBXVariantGroup section */
		217000CA25A57D910074196D /* Main.storyboard */ = {
			isa = PBXVariantGroup;
			children = (
				217000CB25A57D910074196D /* Base */,
			);
			name = Main.storyboard;
			sourceTree = "<group>";
		};
		217000CF25A57D930074196D /* LaunchScreen.storyboard */ = {
			isa = PBXVariantGroup;
			children = (
				217000D025A57D930074196D /* Base */,
			);
			name = LaunchScreen.storyboard;
			sourceTree = "<group>";
		};
/* End PBXVariantGroup section */

/* Begin XCBuildConfiguration section */
		217000E925A57D940074196D /* Debug */ = {
			isa = XCBuildConfiguration;
			buildSettings = {
				ALWAYS_SEARCH_USER_PATHS = NO;
				CLANG_ANALYZER_NONNULL = YES;
				CLANG_ANALYZER_NUMBER_OBJECT_CONVERSION = YES_AGGRESSIVE;
				CLANG_CXX_LANGUAGE_STANDARD = "gnu++14";
				CLANG_CXX_LIBRARY = "libc++";
				CLANG_ENABLE_MODULES = YES;
				CLANG_ENABLE_OBJC_ARC = YES;
				CLANG_ENABLE_OBJC_WEAK = YES;
				CLANG_WARN_BLOCK_CAPTURE_AUTORELEASING = YES;
				CLANG_WARN_BOOL_CONVERSION = YES;
				CLANG_WARN_COMMA = YES;
				CLANG_WARN_CONSTANT_CONVERSION = YES;
				CLANG_WARN_DEPRECATED_OBJC_IMPLEMENTATIONS = YES;
				CLANG_WARN_DIRECT_OBJC_ISA_USAGE = YES_ERROR;
				CLANG_WARN_DOCUMENTATION_COMMENTS = YES;
				CLANG_WARN_EMPTY_BODY = YES;
				CLANG_WARN_ENUM_CONVERSION = YES;
				CLANG_WARN_INFINITE_RECURSION = YES;
				CLANG_WARN_INT_CONVERSION = YES;
				CLANG_WARN_NON_LITERAL_NULL_CONVERSION = YES;
				CLANG_WARN_OBJC_IMPLICIT_RETAIN_SELF = YES;
				CLANG_WARN_OBJC_LITERAL_CONVERSION = YES;
				CLANG_WARN_OBJC_ROOT_CLASS = YES_ERROR;
				CLANG_WARN_QUOTED_INCLUDE_IN_FRAMEWORK_HEADER = YES;
				CLANG_WARN_RANGE_LOOP_ANALYSIS = YES;
				CLANG_WARN_STRICT_PROTOTYPES = YES;
				CLANG_WARN_SUSPICIOUS_MOVE = YES;
				CLANG_WARN_UNGUARDED_AVAILABILITY = YES_AGGRESSIVE;
				CLANG_WARN_UNREACHABLE_CODE = YES;
				CLANG_WARN__DUPLICATE_METHOD_MATCH = YES;
				COPY_PHASE_STRIP = NO;
				DEBUG_INFORMATION_FORMAT = dwarf;
				ENABLE_STRICT_OBJC_MSGSEND = YES;
				ENABLE_TESTABILITY = YES;
				GCC_C_LANGUAGE_STANDARD = gnu11;
				GCC_DYNAMIC_NO_PIC = NO;
				GCC_NO_COMMON_BLOCKS = YES;
				GCC_OPTIMIZATION_LEVEL = 0;
				GCC_PREPROCESSOR_DEFINITIONS = (
					"DEBUG=1",
					"$(inherited)",
				);
				GCC_WARN_64_TO_32_BIT_CONVERSION = YES;
				GCC_WARN_ABOUT_RETURN_TYPE = YES_ERROR;
				GCC_WARN_UNDECLARED_SELECTOR = YES;
				GCC_WARN_UNINITIALIZED_AUTOS = YES_AGGRESSIVE;
				GCC_WARN_UNUSED_FUNCTION = YES;
				GCC_WARN_UNUSED_VARIABLE = YES;
				IPHONEOS_DEPLOYMENT_TARGET = 14.3;
				MTL_ENABLE_DEBUG_INFO = INCLUDE_SOURCE;
				MTL_FAST_MATH = YES;
				ONLY_ACTIVE_ARCH = YES;
				SDKROOT = iphoneos;
				SWIFT_ACTIVE_COMPILATION_CONDITIONS = DEBUG;
				SWIFT_OPTIMIZATION_LEVEL = "-Onone";
			};
			name = Debug;
		};
		217000EA25A57D940074196D /* Release */ = {
			isa = XCBuildConfiguration;
			buildSettings = {
				ALWAYS_SEARCH_USER_PATHS = NO;
				CLANG_ANALYZER_NONNULL = YES;
				CLANG_ANALYZER_NUMBER_OBJECT_CONVERSION = YES_AGGRESSIVE;
				CLANG_CXX_LANGUAGE_STANDARD = "gnu++14";
				CLANG_CXX_LIBRARY = "libc++";
				CLANG_ENABLE_MODULES = YES;
				CLANG_ENABLE_OBJC_ARC = YES;
				CLANG_ENABLE_OBJC_WEAK = YES;
				CLANG_WARN_BLOCK_CAPTURE_AUTORELEASING = YES;
				CLANG_WARN_BOOL_CONVERSION = YES;
				CLANG_WARN_COMMA = YES;
				CLANG_WARN_CONSTANT_CONVERSION = YES;
				CLANG_WARN_DEPRECATED_OBJC_IMPLEMENTATIONS = YES;
				CLANG_WARN_DIRECT_OBJC_ISA_USAGE = YES_ERROR;
				CLANG_WARN_DOCUMENTATION_COMMENTS = YES;
				CLANG_WARN_EMPTY_BODY = YES;
				CLANG_WARN_ENUM_CONVERSION = YES;
				CLANG_WARN_INFINITE_RECURSION = YES;
				CLANG_WARN_INT_CONVERSION = YES;
				CLANG_WARN_NON_LITERAL_NULL_CONVERSION = YES;
				CLANG_WARN_OBJC_IMPLICIT_RETAIN_SELF = YES;
				CLANG_WARN_OBJC_LITERAL_CONVERSION = YES;
				CLANG_WARN_OBJC_ROOT_CLASS = YES_ERROR;
				CLANG_WARN_QUOTED_INCLUDE_IN_FRAMEWORK_HEADER = YES;
				CLANG_WARN_RANGE_LOOP_ANALYSIS = YES;
				CLANG_WARN_STRICT_PROTOTYPES = YES;
				CLANG_WARN_SUSPICIOUS_MOVE = YES;
				CLANG_WARN_UNGUARDED_AVAILABILITY = YES_AGGRESSIVE;
				CLANG_WARN_UNREACHABLE_CODE = YES;
				CLANG_WARN__DUPLICATE_METHOD_MATCH = YES;
				COPY_PHASE_STRIP = NO;
				DEBUG_INFORMATION_FORMAT = "dwarf-with-dsym";
				ENABLE_NS_ASSERTIONS = NO;
				ENABLE_STRICT_OBJC_MSGSEND = YES;
				GCC_C_LANGUAGE_STANDARD = gnu11;
				GCC_NO_COMMON_BLOCKS = YES;
				GCC_WARN_64_TO_32_BIT_CONVERSION = YES;
				GCC_WARN_ABOUT_RETURN_TYPE = YES_ERROR;
				GCC_WARN_UNDECLARED_SELECTOR = YES;
				GCC_WARN_UNINITIALIZED_AUTOS = YES_AGGRESSIVE;
				GCC_WARN_UNUSED_FUNCTION = YES;
				GCC_WARN_UNUSED_VARIABLE = YES;
				IPHONEOS_DEPLOYMENT_TARGET = 14.3;
				MTL_ENABLE_DEBUG_INFO = NO;
				MTL_FAST_MATH = YES;
				SDKROOT = iphoneos;
				SWIFT_COMPILATION_MODE = wholemodule;
				SWIFT_OPTIMIZATION_LEVEL = "-O";
				VALIDATE_PRODUCT = YES;
			};
			name = Release;
		};
		217000EC25A57D940074196D /* Debug */ = {
			isa = XCBuildConfiguration;
			buildSettings = {
				ASSETCATALOG_COMPILER_APPICON_NAME = AppIcon;
				ASSETCATALOG_COMPILER_GLOBAL_ACCENT_COLOR_NAME = AccentColor;
				CODE_SIGN_STYLE = Automatic;
				DEVELOPMENT_TEAM = UX3P4HP842;
				INFOPLIST_FILE = Camera/Info.plist;
				IPHONEOS_DEPLOYMENT_TARGET = 14.2;
				LD_RUNPATH_SEARCH_PATHS = (
					"$(inherited)",
					"@executable_path/Frameworks",
				);
				PRODUCT_BUNDLE_IDENTIFIER = sheryltay.Camera;
				PRODUCT_NAME = "$(TARGET_NAME)";
				SWIFT_VERSION = 5.0;
				TARGETED_DEVICE_FAMILY = "1,2";
			};
			name = Debug;
		};
		217000ED25A57D940074196D /* Release */ = {
			isa = XCBuildConfiguration;
			buildSettings = {
				ASSETCATALOG_COMPILER_APPICON_NAME = AppIcon;
				ASSETCATALOG_COMPILER_GLOBAL_ACCENT_COLOR_NAME = AccentColor;
				CODE_SIGN_STYLE = Automatic;
				DEVELOPMENT_TEAM = UX3P4HP842;
				INFOPLIST_FILE = Camera/Info.plist;
				IPHONEOS_DEPLOYMENT_TARGET = 14.2;
				LD_RUNPATH_SEARCH_PATHS = (
					"$(inherited)",
					"@executable_path/Frameworks",
				);
				PRODUCT_BUNDLE_IDENTIFIER = sheryltay.Camera;
				PRODUCT_NAME = "$(TARGET_NAME)";
				SWIFT_VERSION = 5.0;
				TARGETED_DEVICE_FAMILY = "1,2";
			};
			name = Release;
		};
		217000EF25A57D940074196D /* Debug */ = {
			isa = XCBuildConfiguration;
			buildSettings = {
				ALWAYS_EMBED_SWIFT_STANDARD_LIBRARIES = YES;
				BUNDLE_LOADER = "$(TEST_HOST)";
				CODE_SIGN_STYLE = Automatic;
				INFOPLIST_FILE = CameraTests/Info.plist;
				IPHONEOS_DEPLOYMENT_TARGET = 14.3;
				LD_RUNPATH_SEARCH_PATHS = (
					"$(inherited)",
					"@executable_path/Frameworks",
					"@loader_path/Frameworks",
				);
				PRODUCT_BUNDLE_IDENTIFIER = sheryltay.CameraTests;
				PRODUCT_NAME = "$(TARGET_NAME)";
				SWIFT_VERSION = 5.0;
				TARGETED_DEVICE_FAMILY = "1,2";
				TEST_HOST = "$(BUILT_PRODUCTS_DIR)/Camera.app/Camera";
			};
			name = Debug;
		};
		217000F025A57D940074196D /* Release */ = {
			isa = XCBuildConfiguration;
			buildSettings = {
				ALWAYS_EMBED_SWIFT_STANDARD_LIBRARIES = YES;
				BUNDLE_LOADER = "$(TEST_HOST)";
				CODE_SIGN_STYLE = Automatic;
				INFOPLIST_FILE = CameraTests/Info.plist;
				IPHONEOS_DEPLOYMENT_TARGET = 14.3;
				LD_RUNPATH_SEARCH_PATHS = (
					"$(inherited)",
					"@executable_path/Frameworks",
					"@loader_path/Frameworks",
				);
				PRODUCT_BUNDLE_IDENTIFIER = sheryltay.CameraTests;
				PRODUCT_NAME = "$(TARGET_NAME)";
				SWIFT_VERSION = 5.0;
				TARGETED_DEVICE_FAMILY = "1,2";
				TEST_HOST = "$(BUILT_PRODUCTS_DIR)/Camera.app/Camera";
			};
			name = Release;
		};
		217000F225A57D940074196D /* Debug */ = {
			isa = XCBuildConfiguration;
			buildSettings = {
				ALWAYS_EMBED_SWIFT_STANDARD_LIBRARIES = YES;
				CODE_SIGN_STYLE = Automatic;
				INFOPLIST_FILE = CameraUITests/Info.plist;
				LD_RUNPATH_SEARCH_PATHS = (
					"$(inherited)",
					"@executable_path/Frameworks",
					"@loader_path/Frameworks",
				);
				PRODUCT_BUNDLE_IDENTIFIER = sheryltay.CameraUITests;
				PRODUCT_NAME = "$(TARGET_NAME)";
				SWIFT_VERSION = 5.0;
				TARGETED_DEVICE_FAMILY = "1,2";
				TEST_TARGET_NAME = Camera;
			};
			name = Debug;
		};
		217000F325A57D940074196D /* Release */ = {
			isa = XCBuildConfiguration;
			buildSettings = {
				ALWAYS_EMBED_SWIFT_STANDARD_LIBRARIES = YES;
				CODE_SIGN_STYLE = Automatic;
				INFOPLIST_FILE = CameraUITests/Info.plist;
				LD_RUNPATH_SEARCH_PATHS = (
					"$(inherited)",
					"@executable_path/Frameworks",
					"@loader_path/Frameworks",
				);
				PRODUCT_BUNDLE_IDENTIFIER = sheryltay.CameraUITests;
				PRODUCT_NAME = "$(TARGET_NAME)";
				SWIFT_VERSION = 5.0;
				TARGETED_DEVICE_FAMILY = "1,2";
				TEST_TARGET_NAME = Camera;
			};
			name = Release;
		};
/* End XCBuildConfiguration section */

/* Begin XCConfigurationList section */
		217000BC25A57D910074196D /* Build configuration list for PBXProject "Camera" */ = {
			isa = XCConfigurationList;
			buildConfigurations = (
				217000E925A57D940074196D /* Debug */,
				217000EA25A57D940074196D /* Release */,
			);
			defaultConfigurationIsVisible = 0;
			defaultConfigurationName = Release;
		};
		217000EB25A57D940074196D /* Build configuration list for PBXNativeTarget "Camera" */ = {
			isa = XCConfigurationList;
			buildConfigurations = (
				217000EC25A57D940074196D /* Debug */,
				217000ED25A57D940074196D /* Release */,
			);
			defaultConfigurationIsVisible = 0;
			defaultConfigurationName = Release;
		};
		217000EE25A57D940074196D /* Build configuration list for PBXNativeTarget "CameraTests" */ = {
			isa = XCConfigurationList;
			buildConfigurations = (
				217000EF25A57D940074196D /* Debug */,
				217000F025A57D940074196D /* Release */,
			);
			defaultConfigurationIsVisible = 0;
			defaultConfigurationName = Release;
		};
		217000F125A57D940074196D /* Build configuration list for PBXNativeTarget "CameraUITests" */ = {
			isa = XCConfigurationList;
			buildConfigurations = (
				217000F225A57D940074196D /* Debug */,
				217000F325A57D940074196D /* Release */,
			);
			defaultConfigurationIsVisible = 0;
			defaultConfigurationName = Release;
		};
/* End XCConfigurationList section */
	};
	rootObject = 217000B925A57D910074196D /* Project object */;
}
